
Microsoft Visual Studio Solution File, Format Version 12.00
# Visual Studio Version 16
VisualStudioVersion = 16.0.30320.27
MinimumVisualStudioVersion = 10.0.40219.1
Project("{8BC9CEB8-8B4A-11D0-8D11-00A0C91BC942}") = "NpEtw", "NpEtw\NpEtw.vcxproj", "{FC498D29-3DC4-4E44-8F98-872E6BDB991D}"
EndProject
Project("{930C7802-8A8C-48F9-8165-68863BCCD9DD}") = "NpEtwSetup", "NpEtwSetup\NpEtwSetup.wixproj", "{828892F6-7B16-48D9-B594-22641209CF14}"
EndProject
Global
	GlobalSection(SolutionConfigurationPlatforms) = preSolution
		Debug|ARM = Debug|ARM
		Debug|ARM64 = Debug|ARM64
		Debug|x64 = Debug|x64
		Debug|x86 = Debug|x86
		Release|ARM = Release|ARM
		Release|ARM64 = Release|ARM64
		Release|x64 = Release|x64
		Release|x86 = Release|x86
	EndGlobalSection
	GlobalSection(ProjectConfigurationPlatforms) = postSolution
		{FC498D29-3DC4-4E44-8F98-872E6BDB991D}.Debug|ARM.ActiveCfg = Debug|ARM
		{FC498D29-3DC4-4E44-8F98-872E6BDB991D}.Debug|ARM.Build.0 = Debug|ARM
		{FC498D29-3DC4-4E44-8F98-872E6BDB991D}.Debug|ARM.Deploy.0 = Debug|ARM
		{FC498D29-3DC4-4E44-8F98-872E6BDB991D}.Debug|ARM64.ActiveCfg = Debug|ARM64
		{FC498D29-3DC4-4E44-8F98-872E6BDB991D}.Debug|ARM64.Build.0 = Debug|ARM64
		{FC498D29-3DC4-4E44-8F98-872E6BDB991D}.Debug|ARM64.Deploy.0 = Debug|ARM64
		{FC498D29-3DC4-4E44-8F98-872E6BDB991D}.Debug|x64.ActiveCfg = Debug|x64
		{FC498D29-3DC4-4E44-8F98-872E6BDB991D}.Debug|x64.Build.0 = Debug|x64
		{FC498D29-3DC4-4E44-8F98-872E6BDB991D}.Debug|x64.Deploy.0 = Debug|x64
		{FC498D29-3DC4-4E44-8F98-872E6BDB991D}.Debug|x86.ActiveCfg = Debug|Win32
		{FC498D29-3DC4-4E44-8F98-872E6BDB991D}.Debug|x86.Build.0 = Debug|Win32
		{FC498D29-3DC4-4E44-8F98-872E6BDB991D}.Debug|x86.Deploy.0 = Debug|Win32
		{FC498D29-3DC4-4E44-8F98-872E6BDB991D}.Release|ARM.ActiveCfg = Release|ARM
		{FC498D29-3DC4-4E44-8F98-872E6BDB991D}.Release|ARM.Build.0 = Release|ARM
		{FC498D29-3DC4-4E44-8F98-872E6BDB991D}.Release|ARM.Deploy.0 = Release|ARM
		{FC498D29-3DC4-4E44-8F98-872E6BDB991D}.Release|ARM64.ActiveCfg = Release|ARM64
		{FC498D29-3DC4-4E44-8F98-872E6BDB991D}.Release|ARM64.Build.0 = Release|ARM64
		{FC498D29-3DC4-4E44-8F98-872E6BDB991D}.Release|ARM64.Deploy.0 = Release|ARM64
		{FC498D29-3DC4-4E44-8F98-872E6BDB991D}.Release|x64.ActiveCfg = Release|x64
		{FC498D29-3DC4-4E44-8F98-872E6BDB991D}.Release|x64.Build.0 = Release|x64
		{FC498D29-3DC4-4E44-8F98-872E6BDB991D}.Release|x64.Deploy.0 = Release|x64
		{FC498D29-3DC4-4E44-8F98-872E6BDB991D}.Release|x86.ActiveCfg = Release|Win32
		{FC498D29-3DC4-4E44-8F98-872E6BDB991D}.Release|x86.Build.0 = Release|Win32
		{FC498D29-3DC4-4E44-8F98-872E6BDB991D}.Release|x86.Deploy.0 = Release|Win32
		{828892F6-7B16-48D9-B594-22641209CF14}.Debug|ARM.ActiveCfg = Debug|x86
		{828892F6-7B16-48D9-B594-22641209CF14}.Debug|ARM64.ActiveCfg = Debug|x86
		{828892F6-7B16-48D9-B594-22641209CF14}.Debug|x64.ActiveCfg = Debug|x64
		{828892F6-7B16-48D9-B594-22641209CF14}.Debug|x64.Build.0 = Debug|x64
		{828892F6-7B16-48D9-B594-22641209CF14}.Debug|x86.ActiveCfg = Debug|x86
		{828892F6-7B16-48D9-B594-22641209CF14}.Debug|x86.Build.0 = Debug|x86
		{828892F6-7B16-48D9-B594-22641209CF14}.Release|ARM.ActiveCfg = Release|x86
		{828892F6-7B16-48D9-B594-22641209CF14}.Release|ARM64.ActiveCfg = Release|x86
		{828892F6-7B16-48D9-B594-22641209CF14}.Release|x64.ActiveCfg = Release|x64
		{828892F6-7B16-48D9-B594-22641209CF14}.Release|x64.Build.0 = Release|x64
		{828892F6-7B16-48D9-B594-22641209CF14}.Release|x86.ActiveCfg = Release|x86
		{828892F6-7B16-48D9-B594-22641209CF14}.Release|x86.Build.0 = Release|x86
	EndGlobalSection
	GlobalSection(SolutionProperties) = preSolution
		HideSolutionNode = FALSE
	EndGlobalSection
	GlobalSection(ExtensibilityGlobals) = postSolution
		SolutionGuid = {386F12B7-7994-4C71-A14F-D414194B520F}
	EndGlobalSection
EndGlobal
